# THIS IS AN AUTOGENERATED FILE. DO NOT EDIT THIS FILE DIRECTLY.
# yarn lockfile v1


"@esbuild/win32-x64@0.17.19":
  version "0.17.19"
  resolved "https://registry.npmjs.org/@esbuild/win32-x64/-/win32-x64-0.17.19.tgz"
  integrity sha512-lAhycmKnVOuRYNtRtatQR1LPQf2oYCkRGkSFnseDAKPl8lu5SOsK/e1sXe5a0Pc5kHIHe6P2I/ilntNv2xf3cA==

"@ruffle-rs/ruffle@^0.1.0-nightly.2024.1.24":
  version "0.1.0-nightly.2024.1.24"
  resolved "https://registry.npmjs.org/@ruffle-rs/ruffle/-/ruffle-0.1.0-nightly.2024.1.24.tgz"
  integrity sha512-K8yg/CEpSWHFM/SlCSF7xVPyjXy/ELXGaTLmniLNK8c/iW3V7fJ3l+/VEosEZH8nSZ9CiffENE2T+Q9SJPB1Og==

"@tootallnate/nacp@^0.0.1":
  version "0.0.1"
  resolved "https://registry.npmjs.org/@tootallnate/nacp/-/nacp-0.0.1.tgz"
  integrity sha512-SodmIB6YIEj6oVSSRzi5Ll2Mz8EhlEkYFJN4UOLrEcQMkwUo7Fv3ZXcY2AnlhcQtlUABusZgwZkYHzbtpg/Ctg==

"@tootallnate/nro@^0.1.0":
  version "0.1.0"
  resolved "https://registry.npmjs.org/@tootallnate/nro/-/nro-0.1.0.tgz"
  integrity sha512-4BtKlCxgj6TyJCwekkRTzaIJfEnVn97HbOLmJUwNT4ol/mZJ4smMohfU8zaYKnQiPjVdLhZ08qKH8kQI2xszjQ==
  dependencies:
    "@tootallnate/nacp" "^0.0.1"

"@tootallnate/romfs@^0.1.0":
  version "0.1.0"
  resolved "https://registry.npmjs.org/@tootallnate/romfs/-/romfs-0.1.0.tgz"
  integrity sha512-ZXEgARulK9g0wLgL2mrsxOyAfcI0pAVSi+0UUs1B3lfbBv7qaltMe37YTmn8Aa8BvJ/sc+XqTI5aA7U6NX/nRg==

"@types/node@^20.10.3":
  version "20.11.5"
  resolved "https://registry.npmjs.org/@types/node/-/node-20.11.5.tgz"
  integrity sha512-g557vgQjUUfN76MZAN/dt1z3dzcUsimuysco0KeluHgrPdJXkP/XdAURgyO2W9fZWHRtRBiVKzKn8vyOAwlG+w==
  dependencies:
    undici-types "~5.26.4"

author-regex@^1.0.0:
  version "1.0.0"
  resolved "https://registry.npmjs.org/author-regex/-/author-regex-1.0.0.tgz"
  integrity sha512-KbWgR8wOYRAPekEmMXrYYdc7BRyhn2Ftk7KWfMUnQ43hFdojWEFRxhhRUm3/OFEdPa1r0KAvTTg9YQK57xTe0g==

bytes@^3.1.2:
  version "3.1.2"
  resolved "https://registry.npmjs.org/bytes/-/bytes-3.1.2.tgz"
  integrity sha512-/Nf7TyzTx6S3yRJObOAV7956r8cr2+Oj8AC5dt8wSP3BQAoeX58NoHyCU8P8zGkNXStjTSi6fzO6F0pBdcYbEg==

chalk@^5.3.0:
  version "5.3.0"
  resolved "https://registry.npmjs.org/chalk/-/chalk-5.3.0.tgz"
  integrity sha512-dLitG79d+GV1Nb/VYcCDFivJeK1hiukt9QjRNVOsUtTy1rR1YJsmpGGTZ3qJos+uw7WmWF4wUwBd9jxjocFC2w==

color-hash@^2.0.2:
  version "2.0.2"
  resolved "https://registry.npmjs.org/color-hash/-/color-hash-2.0.2.tgz"
  integrity sha512-6exeENAqBTuIR1wIo36mR8xVVBv6l1hSLd7Qmvf6158Ld1L15/dbahR9VUOiX7GmGJBCnQyS0EY+I8x+wa7egg==

esbuild@^0.17.19:
  version "0.17.19"
  resolved "https://registry.npmjs.org/esbuild/-/esbuild-0.17.19.tgz"
  integrity sha512-XQ0jAPFkK/u3LcVRcvVHQcTIqD6E2H1fvZMA5dQPSOWb3suUbWbfbRf94pjc0bNzRYLfIrDRQXr7X+LHIm5oHw==
  optionalDependencies:
    "@esbuild/android-arm" "0.17.19"
    "@esbuild/android-arm64" "0.17.19"
    "@esbuild/android-x64" "0.17.19"
    "@esbuild/darwin-arm64" "0.17.19"
    "@esbuild/darwin-x64" "0.17.19"
    "@esbuild/freebsd-arm64" "0.17.19"
    "@esbuild/freebsd-x64" "0.17.19"
    "@esbuild/linux-arm" "0.17.19"
    "@esbuild/linux-arm64" "0.17.19"
    "@esbuild/linux-ia32" "0.17.19"
    "@esbuild/linux-loong64" "0.17.19"
    "@esbuild/linux-mips64el" "0.17.19"
    "@esbuild/linux-ppc64" "0.17.19"
    "@esbuild/linux-riscv64" "0.17.19"
    "@esbuild/linux-s390x" "0.17.19"
    "@esbuild/linux-x64" "0.17.19"
    "@esbuild/netbsd-x64" "0.17.19"
    "@esbuild/openbsd-x64" "0.17.19"
    "@esbuild/sunos-x64" "0.17.19"
    "@esbuild/win32-arm64" "0.17.19"
    "@esbuild/win32-ia32" "0.17.19"
    "@esbuild/win32-x64" "0.17.19"

kleur@^4.1.5:
  version "4.1.5"
  resolved "https://registry.npmjs.org/kleur/-/kleur-4.1.5.tgz"
  integrity sha512-o+NO+8WrRiQEE4/7nwRJhN1HWpVmJm511pBHUxPLtp0BUISzlBplORYSmTclCnJvQq2tKu/sgl3xVpkc7ZWuQQ==

nxjs-pack@^0.0.28:
  version "0.0.28"
  resolved "https://registry.npmjs.org/nxjs-pack/-/nxjs-pack-0.0.28.tgz"
  integrity sha512-hnGOPWzuYn3YnJGezshWbeyBmKJaAzhBIvx27Z65uN7YDLcas/RVTPZNOFhzvNNDs18yb8On3RXLh51nNqbtzA==
  dependencies:
    "@tootallnate/nacp" "^0.0.1"
    "@tootallnate/nro" "^0.1.0"
    "@tootallnate/romfs" "^0.1.0"
    "@types/node" "^20.10.3"
    bytes "^3.1.2"
    chalk "^5.3.0"
    parse-author "^2.0.0"

nxjs-runtime@^0.0.29:
  version "0.0.29"
  resolved "https://registry.npmjs.org/nxjs-runtime/-/nxjs-runtime-0.0.29.tgz"
  integrity sha512-N/D/UYdFwikY6nR7NFAt6mZ9ZEuBcF0XPwNY4hY2oUpaCVlo7fIM+Ff0UqmgewLS0ow63ZwYLvJuA1ULijdowA==

parse-author@^2.0.0:
  version "2.0.0"
  resolved "https://registry.npmjs.org/parse-author/-/parse-author-2.0.0.tgz"
  integrity sha512-yx5DfvkN8JsHL2xk2Os9oTia467qnvRgey4ahSm2X8epehBLx/gWLcy5KI+Y36ful5DzGbCS6RazqZGgy1gHNw==
  dependencies:
    author-regex "^1.0.0"

sisteransi@^1.0.5:
  version "1.0.5"
  resolved "https://registry.npmjs.org/sisteransi/-/sisteransi-1.0.5.tgz"
  integrity sha512-bLGGlR1QxBcynn2d5YmDX4MGjlZvy2MRBDRNHLJ8VI6l6+9FUiyTFNJ0IveOSP0bcXgVDPRcfGqA0pjaqUpfVg==

undici-types@~5.26.4:
  version "5.26.5"
  resolved "https://registry.npmjs.org/undici-types/-/undici-types-5.26.5.tgz"
  integrity sha512-JlCMO+ehdEIKqlFxk6IfVoAUVmgz7cU7zD/h9XZ0qzeosSHmUJVOzSQvvYSYWXkFXC+IfLKSIffhv0sVZup6pA==
